
Microsoft Visual Studio Solution File, Format Version 12.00
# Visual Studio 15
VisualStudioVersion = 15.0.27004.2010
MinimumVisualStudioVersion = 10.0.40219.1
Project("{FAE04EC0-301F-11D3-BF4B-00C04F79EFBC}") = "T4c.Banco", "T4c.Banco\T4c.Banco.csproj", "{4252BAF4-6925-4B27-B71C-1E854447D71D}"
EndProject
Project("{FAE04EC0-301F-11D3-BF4B-00C04F79EFBC}") = "T4c.Corretora", "T4c.Corretora\T4c.Corretora.csproj", "{2937316E-B426-47F7-9DBB-060AE906AEBB}"
EndProject
Global
	GlobalSection(SolutionConfigurationPlatforms) = preSolution
		Debug|Any CPU = Debug|Any CPU
		Release|Any CPU = Release|Any CPU
	EndGlobalSection
	GlobalSection(ProjectConfigurationPlatforms) = postSolution
		{4252BAF4-6925-4B27-B71C-1E854447D71D}.Debug|Any CPU.ActiveCfg = Debug|Any CPU
		{4252BAF4-6925-4B27-B71C-1E854447D71D}.Debug|Any CPU.Build.0 = Debug|Any CPU
		{4252BAF4-6925-4B27-B71C-1E854447D71D}.Release|Any CPU.ActiveCfg = Release|Any CPU
		{4252BAF4-6925-4B27-B71C-1E854447D71D}.Release|Any CPU.Build.0 = Release|Any CPU
		{2937316E-B426-47F7-9DBB-060AE906AEBB}.Debug|Any CPU.ActiveCfg = Debug|Any CPU
		{2937316E-B426-47F7-9DBB-060AE906AEBB}.Debug|Any CPU.Build.0 = Debug|Any CPU
		{2937316E-B426-47F7-9DBB-060AE906AEBB}.Release|Any CPU.ActiveCfg = Release|Any CPU
		{2937316E-B426-47F7-9DBB-060AE906AEBB}.Release|Any CPU.Build.0 = Release|Any CPU
	EndGlobalSection
	GlobalSection(SolutionProperties) = preSolution
		HideSolutionNode = FALSE
	EndGlobalSection
	GlobalSection(ExtensibilityGlobals) = postSolution
		SolutionGuid = {E6FF4405-65F7-49D6-9135-C8B872B6D9DB}
	EndGlobalSection
EndGlobal
