
Microsoft Visual Studio Solution File, Format Version 12.00
# Visual Studio 15
VisualStudioVersion = 15.0.27004.2009
MinimumVisualStudioVersion = 10.0.40219.1
Project("{FAE04EC0-301F-11D3-BF4B-00C04F79EFBC}") = "SIN5009.T4a.Banco", "SIN5009.T4a.Banco\SIN5009.T4a.Banco.csproj", "{E3F82800-D973-4581-AB64-A5F513BF28AB}"
EndProject
Project("{FAE04EC0-301F-11D3-BF4B-00C04F79EFBC}") = "SIN5009.T4a.Corretora", "SIN5009.T4a.Corretora\SIN5009.T4a.Corretora.csproj", "{9C1E505E-731E-4A80-8F88-3C2C7A32BEAB}"
EndProject
Global
	GlobalSection(SolutionConfigurationPlatforms) = preSolution
		Debug|Any CPU = Debug|Any CPU
		Release|Any CPU = Release|Any CPU
	EndGlobalSection
	GlobalSection(ProjectConfigurationPlatforms) = postSolution
		{E3F82800-D973-4581-AB64-A5F513BF28AB}.Debug|Any CPU.ActiveCfg = Debug|Any CPU
		{E3F82800-D973-4581-AB64-A5F513BF28AB}.Debug|Any CPU.Build.0 = Debug|Any CPU
		{E3F82800-D973-4581-AB64-A5F513BF28AB}.Release|Any CPU.ActiveCfg = Release|Any CPU
		{E3F82800-D973-4581-AB64-A5F513BF28AB}.Release|Any CPU.Build.0 = Release|Any CPU
		{9C1E505E-731E-4A80-8F88-3C2C7A32BEAB}.Debug|Any CPU.ActiveCfg = Debug|Any CPU
		{9C1E505E-731E-4A80-8F88-3C2C7A32BEAB}.Debug|Any CPU.Build.0 = Debug|Any CPU
		{9C1E505E-731E-4A80-8F88-3C2C7A32BEAB}.Release|Any CPU.ActiveCfg = Release|Any CPU
		{9C1E505E-731E-4A80-8F88-3C2C7A32BEAB}.Release|Any CPU.Build.0 = Release|Any CPU
	EndGlobalSection
	GlobalSection(SolutionProperties) = preSolution
		HideSolutionNode = FALSE
	EndGlobalSection
	GlobalSection(ExtensibilityGlobals) = postSolution
		SolutionGuid = {A2C582CF-FC3C-4737-9431-F662153670E6}
	EndGlobalSection
EndGlobal
